
Microsoft Visual Studio Solution File, Format Version 12.00
# Visual Studio 14
VisualStudioVersion = 14.0.25420.1
MinimumVisualStudioVersion = 10.0.40219.1
Project("{FAE04EC0-301F-11D3-BF4B-00C04F79EFBC}") = "GeneralManagement", "GeneralManagement\GeneralManagement.csproj", "{AAA479E7-95AF-4D3B-88CF-3695BE8E7E8F}"
EndProject
Project("{FAE04EC0-301F-11D3-BF4B-00C04F79EFBC}") = "CL.Persistance", "..\CL.Persistance\CL.Persistance.csproj", "{3419F9EC-330E-4340-818E-AAE963B4B28F}"
EndProject
Project("{FAE04EC0-301F-11D3-BF4B-00C04F79EFBC}") = "CL.Services", "..\CL.Services\CL.Services.csproj", "{5031D1F8-C8A5-4C56-9995-212F2E1D93A7}"
EndProject
Project("{FAE04EC0-301F-11D3-BF4B-00C04F79EFBC}") = "UserHelper", "UserHelper\UserHelper.csproj", "{EA20B7C6-23B7-4415-9E09-FA254FB4A5A4}"
EndProject
Project("{FAE04EC0-301F-11D3-BF4B-00C04F79EFBC}") = "ClientSide", "ClientSide\ClientSide.csproj", "{F429C764-4FCA-43A7-88C9-904C8D5406CE}"
EndProject
Project("{54435603-DBB4-11D2-8724-00A0C9A8B90C}") = "SupervisorSetup", "SupervisorSetup\SupervisorSetup.vdproj", "{27A0EAA2-0101-4551-9B1C-507060BDA96F}"
EndProject
Project("{FAE04EC0-301F-11D3-BF4B-00C04F79EFBC}") = "NetSDKCS", "NetSDKCS\NetSDKCS.csproj", "{FA7964C5-A945-4685-9003-34736CFD5051}"
EndProject
Project("{FAE04EC0-301F-11D3-BF4B-00C04F79EFBC}") = "RM.GetFinger", "Demo\RM.GetFinger.csproj", "{52584845-7921-48B8-B3D0-F88912DC4F74}"
EndProject
Global
	GlobalSection(SolutionConfigurationPlatforms) = preSolution
		ASYNC|Any CPU = ASYNC|Any CPU
		ASYNC|x64 = ASYNC|x64
		ASYNC|x86 = ASYNC|x86
		Debug|Any CPU = Debug|Any CPU
		Debug|x64 = Debug|x64
		Debug|x86 = Debug|x86
		GOLD|Any CPU = GOLD|Any CPU
		GOLD|x64 = GOLD|x64
		GOLD|x86 = GOLD|x86
		Release|Any CPU = Release|Any CPU
		Release|x64 = Release|x64
		Release|x86 = Release|x86
		STD_IMAGE|Any CPU = STD_IMAGE|Any CPU
		STD_IMAGE|x64 = STD_IMAGE|x64
		STD_IMAGE|x86 = STD_IMAGE|x86
		TRAIL_ASYNC|Any CPU = TRAIL_ASYNC|Any CPU
		TRAIL_ASYNC|x64 = TRAIL_ASYNC|x64
		TRAIL_ASYNC|x86 = TRAIL_ASYNC|x86
		TRAIL|Any CPU = TRAIL|Any CPU
		TRAIL|x64 = TRAIL|x64
		TRAIL|x86 = TRAIL|x86
	EndGlobalSection
	GlobalSection(ProjectConfigurationPlatforms) = postSolution
		{AAA479E7-95AF-4D3B-88CF-3695BE8E7E8F}.ASYNC|Any CPU.ActiveCfg = Release|Any CPU
		{AAA479E7-95AF-4D3B-88CF-3695BE8E7E8F}.ASYNC|Any CPU.Build.0 = Release|Any CPU
		{AAA479E7-95AF-4D3B-88CF-3695BE8E7E8F}.ASYNC|x64.ActiveCfg = Release|Any CPU
		{AAA479E7-95AF-4D3B-88CF-3695BE8E7E8F}.ASYNC|x64.Build.0 = Release|Any CPU
		{AAA479E7-95AF-4D3B-88CF-3695BE8E7E8F}.ASYNC|x86.ActiveCfg = Release|Any CPU
		{AAA479E7-95AF-4D3B-88CF-3695BE8E7E8F}.ASYNC|x86.Build.0 = Release|Any CPU
		{AAA479E7-95AF-4D3B-88CF-3695BE8E7E8F}.Debug|Any CPU.ActiveCfg = Debug|Any CPU
		{AAA479E7-95AF-4D3B-88CF-3695BE8E7E8F}.Debug|Any CPU.Build.0 = Debug|Any CPU
		{AAA479E7-95AF-4D3B-88CF-3695BE8E7E8F}.Debug|x64.ActiveCfg = Debug|Any CPU
		{AAA479E7-95AF-4D3B-88CF-3695BE8E7E8F}.Debug|x64.Build.0 = Debug|Any CPU
		{AAA479E7-95AF-4D3B-88CF-3695BE8E7E8F}.Debug|x86.ActiveCfg = Debug|Any CPU
		{AAA479E7-95AF-4D3B-88CF-3695BE8E7E8F}.Debug|x86.Build.0 = Debug|Any CPU
		{AAA479E7-95AF-4D3B-88CF-3695BE8E7E8F}.GOLD|Any CPU.ActiveCfg = Release|Any CPU
		{AAA479E7-95AF-4D3B-88CF-3695BE8E7E8F}.GOLD|Any CPU.Build.0 = Release|Any CPU
		{AAA479E7-95AF-4D3B-88CF-3695BE8E7E8F}.GOLD|x64.ActiveCfg = Release|Any CPU
		{AAA479E7-95AF-4D3B-88CF-3695BE8E7E8F}.GOLD|x64.Build.0 = Release|Any CPU
		{AAA479E7-95AF-4D3B-88CF-3695BE8E7E8F}.GOLD|x86.ActiveCfg = Release|Any CPU
		{AAA479E7-95AF-4D3B-88CF-3695BE8E7E8F}.GOLD|x86.Build.0 = Release|Any CPU
		{AAA479E7-95AF-4D3B-88CF-3695BE8E7E8F}.Release|Any CPU.ActiveCfg = Release|Any CPU
		{AAA479E7-95AF-4D3B-88CF-3695BE8E7E8F}.Release|Any CPU.Build.0 = Release|Any CPU
		{AAA479E7-95AF-4D3B-88CF-3695BE8E7E8F}.Release|x64.ActiveCfg = Release|Any CPU
		{AAA479E7-95AF-4D3B-88CF-3695BE8E7E8F}.Release|x64.Build.0 = Release|Any CPU
		{AAA479E7-95AF-4D3B-88CF-3695BE8E7E8F}.Release|x86.ActiveCfg = Release|Any CPU
		{AAA479E7-95AF-4D3B-88CF-3695BE8E7E8F}.Release|x86.Build.0 = Release|Any CPU
		{AAA479E7-95AF-4D3B-88CF-3695BE8E7E8F}.STD_IMAGE|Any CPU.ActiveCfg = Release|Any CPU
		{AAA479E7-95AF-4D3B-88CF-3695BE8E7E8F}.STD_IMAGE|Any CPU.Build.0 = Release|Any CPU
		{AAA479E7-95AF-4D3B-88CF-3695BE8E7E8F}.STD_IMAGE|x64.ActiveCfg = Release|Any CPU
		{AAA479E7-95AF-4D3B-88CF-3695BE8E7E8F}.STD_IMAGE|x64.Build.0 = Release|Any CPU
		{AAA479E7-95AF-4D3B-88CF-3695BE8E7E8F}.STD_IMAGE|x86.ActiveCfg = Release|Any CPU
		{AAA479E7-95AF-4D3B-88CF-3695BE8E7E8F}.STD_IMAGE|x86.Build.0 = Release|Any CPU
		{AAA479E7-95AF-4D3B-88CF-3695BE8E7E8F}.TRAIL_ASYNC|Any CPU.ActiveCfg = Release|Any CPU
		{AAA479E7-95AF-4D3B-88CF-3695BE8E7E8F}.TRAIL_ASYNC|Any CPU.Build.0 = Release|Any CPU
		{AAA479E7-95AF-4D3B-88CF-3695BE8E7E8F}.TRAIL_ASYNC|x64.ActiveCfg = Release|Any CPU
		{AAA479E7-95AF-4D3B-88CF-3695BE8E7E8F}.TRAIL_ASYNC|x64.Build.0 = Release|Any CPU
		{AAA479E7-95AF-4D3B-88CF-3695BE8E7E8F}.TRAIL_ASYNC|x86.ActiveCfg = Release|Any CPU
		{AAA479E7-95AF-4D3B-88CF-3695BE8E7E8F}.TRAIL_ASYNC|x86.Build.0 = Release|Any CPU
		{AAA479E7-95AF-4D3B-88CF-3695BE8E7E8F}.TRAIL|Any CPU.ActiveCfg = Release|Any CPU
		{AAA479E7-95AF-4D3B-88CF-3695BE8E7E8F}.TRAIL|Any CPU.Build.0 = Release|Any CPU
		{AAA479E7-95AF-4D3B-88CF-3695BE8E7E8F}.TRAIL|x64.ActiveCfg = Release|Any CPU
		{AAA479E7-95AF-4D3B-88CF-3695BE8E7E8F}.TRAIL|x64.Build.0 = Release|Any CPU
		{AAA479E7-95AF-4D3B-88CF-3695BE8E7E8F}.TRAIL|x86.ActiveCfg = Release|Any CPU
		{AAA479E7-95AF-4D3B-88CF-3695BE8E7E8F}.TRAIL|x86.Build.0 = Release|Any CPU
		{3419F9EC-330E-4340-818E-AAE963B4B28F}.ASYNC|Any CPU.ActiveCfg = Release|Any CPU
		{3419F9EC-330E-4340-818E-AAE963B4B28F}.ASYNC|Any CPU.Build.0 = Release|Any CPU
		{3419F9EC-330E-4340-818E-AAE963B4B28F}.ASYNC|x64.ActiveCfg = Release|Any CPU
		{3419F9EC-330E-4340-818E-AAE963B4B28F}.ASYNC|x64.Build.0 = Release|Any CPU
		{3419F9EC-330E-4340-818E-AAE963B4B28F}.ASYNC|x86.ActiveCfg = Release|Any CPU
		{3419F9EC-330E-4340-818E-AAE963B4B28F}.ASYNC|x86.Build.0 = Release|Any CPU
		{3419F9EC-330E-4340-818E-AAE963B4B28F}.Debug|Any CPU.ActiveCfg = Debug|Any CPU
		{3419F9EC-330E-4340-818E-AAE963B4B28F}.Debug|Any CPU.Build.0 = Debug|Any CPU
		{3419F9EC-330E-4340-818E-AAE963B4B28F}.Debug|x64.ActiveCfg = Debug|Any CPU
		{3419F9EC-330E-4340-818E-AAE963B4B28F}.Debug|x64.Build.0 = Debug|Any CPU
		{3419F9EC-330E-4340-818E-AAE963B4B28F}.Debug|x86.ActiveCfg = Debug|Any CPU
		{3419F9EC-330E-4340-818E-AAE963B4B28F}.Debug|x86.Build.0 = Debug|Any CPU
		{3419F9EC-330E-4340-818E-AAE963B4B28F}.GOLD|Any CPU.ActiveCfg = Release|Any CPU
		{3419F9EC-330E-4340-818E-AAE963B4B28F}.GOLD|Any CPU.Build.0 = Release|Any CPU
		{3419F9EC-330E-4340-818E-AAE963B4B28F}.GOLD|x64.ActiveCfg = Release|Any CPU
		{3419F9EC-330E-4340-818E-AAE963B4B28F}.GOLD|x64.Build.0 = Release|Any CPU
		{3419F9EC-330E-4340-818E-AAE963B4B28F}.GOLD|x86.ActiveCfg = Release|Any CPU
		{3419F9EC-330E-4340-818E-AAE963B4B28F}.GOLD|x86.Build.0 = Release|Any CPU
		{3419F9EC-330E-4340-818E-AAE963B4B28F}.Release|Any CPU.ActiveCfg = Release|Any CPU
		{3419F9EC-330E-4340-818E-AAE963B4B28F}.Release|Any CPU.Build.0 = Release|Any CPU
		{3419F9EC-330E-4340-818E-AAE963B4B28F}.Release|x64.ActiveCfg = Release|Any CPU
		{3419F9EC-330E-4340-818E-AAE963B4B28F}.Release|x64.Build.0 = Release|Any CPU
		{3419F9EC-330E-4340-818E-AAE963B4B28F}.Release|x86.ActiveCfg = Release|Any CPU
		{3419F9EC-330E-4340-818E-AAE963B4B28F}.Release|x86.Build.0 = Release|Any CPU
		{3419F9EC-330E-4340-818E-AAE963B4B28F}.STD_IMAGE|Any CPU.ActiveCfg = Release|Any CPU
		{3419F9EC-330E-4340-818E-AAE963B4B28F}.STD_IMAGE|Any CPU.Build.0 = Release|Any CPU
		{3419F9EC-330E-4340-818E-AAE963B4B28F}.STD_IMAGE|x64.ActiveCfg = Release|Any CPU
		{3419F9EC-330E-4340-818E-AAE963B4B28F}.STD_IMAGE|x64.Build.0 = Release|Any CPU
		{3419F9EC-330E-4340-818E-AAE963B4B28F}.STD_IMAGE|x86.ActiveCfg = Release|Any CPU
		{3419F9EC-330E-4340-818E-AAE963B4B28F}.STD_IMAGE|x86.Build.0 = Release|Any CPU
		{3419F9EC-330E-4340-818E-AAE963B4B28F}.TRAIL_ASYNC|Any CPU.ActiveCfg = Release|Any CPU
		{3419F9EC-330E-4340-818E-AAE963B4B28F}.TRAIL_ASYNC|Any CPU.Build.0 = Release|Any CPU
		{3419F9EC-330E-4340-818E-AAE963B4B28F}.TRAIL_ASYNC|x64.ActiveCfg = Release|Any CPU
		{3419F9EC-330E-4340-818E-AAE963B4B28F}.TRAIL_ASYNC|x64.Build.0 = Release|Any CPU
		{3419F9EC-330E-4340-818E-AAE963B4B28F}.TRAIL_ASYNC|x86.ActiveCfg = Release|Any CPU
		{3419F9EC-330E-4340-818E-AAE963B4B28F}.TRAIL_ASYNC|x86.Build.0 = Release|Any CPU
		{3419F9EC-330E-4340-818E-AAE963B4B28F}.TRAIL|Any CPU.ActiveCfg = Release|Any CPU
		{3419F9EC-330E-4340-818E-AAE963B4B28F}.TRAIL|Any CPU.Build.0 = Release|Any CPU
		{3419F9EC-330E-4340-818E-AAE963B4B28F}.TRAIL|x64.ActiveCfg = Release|Any CPU
		{3419F9EC-330E-4340-818E-AAE963B4B28F}.TRAIL|x64.Build.0 = Release|Any CPU
		{3419F9EC-330E-4340-818E-AAE963B4B28F}.TRAIL|x86.ActiveCfg = Release|Any CPU
		{3419F9EC-330E-4340-818E-AAE963B4B28F}.TRAIL|x86.Build.0 = Release|Any CPU
		{5031D1F8-C8A5-4C56-9995-212F2E1D93A7}.ASYNC|Any CPU.ActiveCfg = Release|Any CPU
		{5031D1F8-C8A5-4C56-9995-212F2E1D93A7}.ASYNC|Any CPU.Build.0 = Release|Any CPU
		{5031D1F8-C8A5-4C56-9995-212F2E1D93A7}.ASYNC|x64.ActiveCfg = Release|Any CPU
		{5031D1F8-C8A5-4C56-9995-212F2E1D93A7}.ASYNC|x64.Build.0 = Release|Any CPU
		{5031D1F8-C8A5-4C56-9995-212F2E1D93A7}.ASYNC|x86.ActiveCfg = Release|Any CPU
		{5031D1F8-C8A5-4C56-9995-212F2E1D93A7}.ASYNC|x86.Build.0 = Release|Any CPU
		{5031D1F8-C8A5-4C56-9995-212F2E1D93A7}.Debug|Any CPU.ActiveCfg = Debug|Any CPU
		{5031D1F8-C8A5-4C56-9995-212F2E1D93A7}.Debug|Any CPU.Build.0 = Debug|Any CPU
		{5031D1F8-C8A5-4C56-9995-212F2E1D93A7}.Debug|x64.ActiveCfg = Debug|Any CPU
		{5031D1F8-C8A5-4C56-9995-212F2E1D93A7}.Debug|x64.Build.0 = Debug|Any CPU
		{5031D1F8-C8A5-4C56-9995-212F2E1D93A7}.Debug|x86.ActiveCfg = Debug|Any CPU
		{5031D1F8-C8A5-4C56-9995-212F2E1D93A7}.Debug|x86.Build.0 = Debug|Any CPU
		{5031D1F8-C8A5-4C56-9995-212F2E1D93A7}.GOLD|Any CPU.ActiveCfg = Release|Any CPU
		{5031D1F8-C8A5-4C56-9995-212F2E1D93A7}.GOLD|Any CPU.Build.0 = Release|Any CPU
		{5031D1F8-C8A5-4C56-9995-212F2E1D93A7}.GOLD|x64.ActiveCfg = Release|Any CPU
		{5031D1F8-C8A5-4C56-9995-212F2E1D93A7}.GOLD|x64.Build.0 = Release|Any CPU
		{5031D1F8-C8A5-4C56-9995-212F2E1D93A7}.GOLD|x86.ActiveCfg = Release|Any CPU
		{5031D1F8-C8A5-4C56-9995-212F2E1D93A7}.GOLD|x86.Build.0 = Release|Any CPU
		{5031D1F8-C8A5-4C56-9995-212F2E1D93A7}.Release|Any CPU.ActiveCfg = Release|Any CPU
		{5031D1F8-C8A5-4C56-9995-212F2E1D93A7}.Release|Any CPU.Build.0 = Release|Any CPU
		{5031D1F8-C8A5-4C56-9995-212F2E1D93A7}.Release|x64.ActiveCfg = Release|Any CPU
		{5031D1F8-C8A5-4C56-9995-212F2E1D93A7}.Release|x64.Build.0 = Release|Any CPU
		{5031D1F8-C8A5-4C56-9995-212F2E1D93A7}.Release|x86.ActiveCfg = Release|Any CPU
		{5031D1F8-C8A5-4C56-9995-212F2E1D93A7}.Release|x86.Build.0 = Release|Any CPU
		{5031D1F8-C8A5-4C56-9995-212F2E1D93A7}.STD_IMAGE|Any CPU.ActiveCfg = Release|Any CPU
		{5031D1F8-C8A5-4C56-9995-212F2E1D93A7}.STD_IMAGE|Any CPU.Build.0 = Release|Any CPU
		{5031D1F8-C8A5-4C56-9995-212F2E1D93A7}.STD_IMAGE|x64.ActiveCfg = Release|Any CPU
		{5031D1F8-C8A5-4C56-9995-212F2E1D93A7}.STD_IMAGE|x64.Build.0 = Release|Any CPU
		{5031D1F8-C8A5-4C56-9995-212F2E1D93A7}.STD_IMAGE|x86.ActiveCfg = Release|Any CPU
		{5031D1F8-C8A5-4C56-9995-212F2E1D93A7}.STD_IMAGE|x86.Build.0 = Release|Any CPU
		{5031D1F8-C8A5-4C56-9995-212F2E1D93A7}.TRAIL_ASYNC|Any CPU.ActiveCfg = Release|Any CPU
		{5031D1F8-C8A5-4C56-9995-212F2E1D93A7}.TRAIL_ASYNC|Any CPU.Build.0 = Release|Any CPU
		{5031D1F8-C8A5-4C56-9995-212F2E1D93A7}.TRAIL_ASYNC|x64.ActiveCfg = Release|Any CPU
		{5031D1F8-C8A5-4C56-9995-212F2E1D93A7}.TRAIL_ASYNC|x64.Build.0 = Release|Any CPU
		{5031D1F8-C8A5-4C56-9995-212F2E1D93A7}.TRAIL_ASYNC|x86.ActiveCfg = Release|Any CPU
		{5031D1F8-C8A5-4C56-9995-212F2E1D93A7}.TRAIL_ASYNC|x86.Build.0 = Release|Any CPU
		{5031D1F8-C8A5-4C56-9995-212F2E1D93A7}.TRAIL|Any CPU.ActiveCfg = Release|Any CPU
		{5031D1F8-C8A5-4C56-9995-212F2E1D93A7}.TRAIL|Any CPU.Build.0 = Release|Any CPU
		{5031D1F8-C8A5-4C56-9995-212F2E1D93A7}.TRAIL|x64.ActiveCfg = Release|Any CPU
		{5031D1F8-C8A5-4C56-9995-212F2E1D93A7}.TRAIL|x64.Build.0 = Release|Any CPU
		{5031D1F8-C8A5-4C56-9995-212F2E1D93A7}.TRAIL|x86.ActiveCfg = Release|Any CPU
		{5031D1F8-C8A5-4C56-9995-212F2E1D93A7}.TRAIL|x86.Build.0 = Release|Any CPU
		{EA20B7C6-23B7-4415-9E09-FA254FB4A5A4}.ASYNC|Any CPU.ActiveCfg = Release|Any CPU
		{EA20B7C6-23B7-4415-9E09-FA254FB4A5A4}.ASYNC|Any CPU.Build.0 = Release|Any CPU
		{EA20B7C6-23B7-4415-9E09-FA254FB4A5A4}.ASYNC|x64.ActiveCfg = Release|Any CPU
		{EA20B7C6-23B7-4415-9E09-FA254FB4A5A4}.ASYNC|x64.Build.0 = Release|Any CPU
		{EA20B7C6-23B7-4415-9E09-FA254FB4A5A4}.ASYNC|x86.ActiveCfg = Release|Any CPU
		{EA20B7C6-23B7-4415-9E09-FA254FB4A5A4}.ASYNC|x86.Build.0 = Release|Any CPU
		{EA20B7C6-23B7-4415-9E09-FA254FB4A5A4}.Debug|Any CPU.ActiveCfg = Debug|Any CPU
		{EA20B7C6-23B7-4415-9E09-FA254FB4A5A4}.Debug|Any CPU.Build.0 = Debug|Any CPU
		{EA20B7C6-23B7-4415-9E09-FA254FB4A5A4}.Debug|x64.ActiveCfg = Debug|Any CPU
		{EA20B7C6-23B7-4415-9E09-FA254FB4A5A4}.Debug|x64.Build.0 = Debug|Any CPU
		{EA20B7C6-23B7-4415-9E09-FA254FB4A5A4}.Debug|x86.ActiveCfg = Debug|Any CPU
		{EA20B7C6-23B7-4415-9E09-FA254FB4A5A4}.Debug|x86.Build.0 = Debug|Any CPU
		{EA20B7C6-23B7-4415-9E09-FA254FB4A5A4}.GOLD|Any CPU.ActiveCfg = Release|Any CPU
		{EA20B7C6-23B7-4415-9E09-FA254FB4A5A4}.GOLD|Any CPU.Build.0 = Release|Any CPU
		{EA20B7C6-23B7-4415-9E09-FA254FB4A5A4}.GOLD|x64.ActiveCfg = Release|Any CPU
		{EA20B7C6-23B7-4415-9E09-FA254FB4A5A4}.GOLD|x64.Build.0 = Release|Any CPU
		{EA20B7C6-23B7-4415-9E09-FA254FB4A5A4}.GOLD|x86.ActiveCfg = Release|Any CPU
		{EA20B7C6-23B7-4415-9E09-FA254FB4A5A4}.GOLD|x86.Build.0 = Release|Any CPU
		{EA20B7C6-23B7-4415-9E09-FA254FB4A5A4}.Release|Any CPU.ActiveCfg = Release|Any CPU
		{EA20B7C6-23B7-4415-9E09-FA254FB4A5A4}.Release|Any CPU.Build.0 = Release|Any CPU
		{EA20B7C6-23B7-4415-9E09-FA254FB4A5A4}.Release|x64.ActiveCfg = Release|Any CPU
		{EA20B7C6-23B7-4415-9E09-FA254FB4A5A4}.Release|x64.Build.0 = Release|Any CPU
		{EA20B7C6-23B7-4415-9E09-FA254FB4A5A4}.Release|x86.ActiveCfg = Release|Any CPU
		{EA20B7C6-23B7-4415-9E09-FA254FB4A5A4}.Release|x86.Build.0 = Release|Any CPU
		{EA20B7C6-23B7-4415-9E09-FA254FB4A5A4}.STD_IMAGE|Any CPU.ActiveCfg = Release|Any CPU
		{EA20B7C6-23B7-4415-9E09-FA254FB4A5A4}.STD_IMAGE|Any CPU.Build.0 = Release|Any CPU
		{EA20B7C6-23B7-4415-9E09-FA254FB4A5A4}.STD_IMAGE|x64.ActiveCfg = Release|Any CPU
		{EA20B7C6-23B7-4415-9E09-FA254FB4A5A4}.STD_IMAGE|x64.Build.0 = Release|Any CPU
		{EA20B7C6-23B7-4415-9E09-FA254FB4A5A4}.STD_IMAGE|x86.ActiveCfg = Release|Any CPU
		{EA20B7C6-23B7-4415-9E09-FA254FB4A5A4}.STD_IMAGE|x86.Build.0 = Release|Any CPU
		{EA20B7C6-23B7-4415-9E09-FA254FB4A5A4}.TRAIL_ASYNC|Any CPU.ActiveCfg = Release|Any CPU
		{EA20B7C6-23B7-4415-9E09-FA254FB4A5A4}.TRAIL_ASYNC|Any CPU.Build.0 = Release|Any CPU
		{EA20B7C6-23B7-4415-9E09-FA254FB4A5A4}.TRAIL_ASYNC|x64.ActiveCfg = Release|Any CPU
		{EA20B7C6-23B7-4415-9E09-FA254FB4A5A4}.TRAIL_ASYNC|x64.Build.0 = Release|Any CPU
		{EA20B7C6-23B7-4415-9E09-FA254FB4A5A4}.TRAIL_ASYNC|x86.ActiveCfg = Release|Any CPU
		{EA20B7C6-23B7-4415-9E09-FA254FB4A5A4}.TRAIL_ASYNC|x86.Build.0 = Release|Any CPU
		{EA20B7C6-23B7-4415-9E09-FA254FB4A5A4}.TRAIL|Any CPU.ActiveCfg = Release|Any CPU
		{EA20B7C6-23B7-4415-9E09-FA254FB4A5A4}.TRAIL|Any CPU.Build.0 = Release|Any CPU
		{EA20B7C6-23B7-4415-9E09-FA254FB4A5A4}.TRAIL|x64.ActiveCfg = Release|Any CPU
		{EA20B7C6-23B7-4415-9E09-FA254FB4A5A4}.TRAIL|x64.Build.0 = Release|Any CPU
		{EA20B7C6-23B7-4415-9E09-FA254FB4A5A4}.TRAIL|x86.ActiveCfg = Release|Any CPU
		{EA20B7C6-23B7-4415-9E09-FA254FB4A5A4}.TRAIL|x86.Build.0 = Release|Any CPU
		{F429C764-4FCA-43A7-88C9-904C8D5406CE}.ASYNC|Any CPU.ActiveCfg = Release|Any CPU
		{F429C764-4FCA-43A7-88C9-904C8D5406CE}.ASYNC|Any CPU.Build.0 = Release|Any CPU
		{F429C764-4FCA-43A7-88C9-904C8D5406CE}.ASYNC|x64.ActiveCfg = Release|Any CPU
		{F429C764-4FCA-43A7-88C9-904C8D5406CE}.ASYNC|x64.Build.0 = Release|Any CPU
		{F429C764-4FCA-43A7-88C9-904C8D5406CE}.ASYNC|x86.ActiveCfg = Release|Any CPU
		{F429C764-4FCA-43A7-88C9-904C8D5406CE}.ASYNC|x86.Build.0 = Release|Any CPU
		{F429C764-4FCA-43A7-88C9-904C8D5406CE}.Debug|Any CPU.ActiveCfg = Debug|Any CPU
		{F429C764-4FCA-43A7-88C9-904C8D5406CE}.Debug|Any CPU.Build.0 = Debug|Any CPU
		{F429C764-4FCA-43A7-88C9-904C8D5406CE}.Debug|x64.ActiveCfg = Debug|Any CPU
		{F429C764-4FCA-43A7-88C9-904C8D5406CE}.Debug|x64.Build.0 = Debug|Any CPU
		{F429C764-4FCA-43A7-88C9-904C8D5406CE}.Debug|x86.ActiveCfg = Debug|Any CPU
		{F429C764-4FCA-43A7-88C9-904C8D5406CE}.Debug|x86.Build.0 = Debug|Any CPU
		{F429C764-4FCA-43A7-88C9-904C8D5406CE}.GOLD|Any CPU.ActiveCfg = Release|Any CPU
		{F429C764-4FCA-43A7-88C9-904C8D5406CE}.GOLD|Any CPU.Build.0 = Release|Any CPU
		{F429C764-4FCA-43A7-88C9-904C8D5406CE}.GOLD|x64.ActiveCfg = Release|Any CPU
		{F429C764-4FCA-43A7-88C9-904C8D5406CE}.GOLD|x64.Build.0 = Release|Any CPU
		{F429C764-4FCA-43A7-88C9-904C8D5406CE}.GOLD|x86.ActiveCfg = Release|Any CPU
		{F429C764-4FCA-43A7-88C9-904C8D5406CE}.GOLD|x86.Build.0 = Release|Any CPU
		{F429C764-4FCA-43A7-88C9-904C8D5406CE}.Release|Any CPU.ActiveCfg = Release|Any CPU
		{F429C764-4FCA-43A7-88C9-904C8D5406CE}.Release|Any CPU.Build.0 = Release|Any CPU
		{F429C764-4FCA-43A7-88C9-904C8D5406CE}.Release|x64.ActiveCfg = Release|Any CPU
		{F429C764-4FCA-43A7-88C9-904C8D5406CE}.Release|x64.Build.0 = Release|Any CPU
		{F429C764-4FCA-43A7-88C9-904C8D5406CE}.Release|x86.ActiveCfg = Release|Any CPU
		{F429C764-4FCA-43A7-88C9-904C8D5406CE}.Release|x86.Build.0 = Release|Any CPU
		{F429C764-4FCA-43A7-88C9-904C8D5406CE}.STD_IMAGE|Any CPU.ActiveCfg = Release|Any CPU
		{F429C764-4FCA-43A7-88C9-904C8D5406CE}.STD_IMAGE|Any CPU.Build.0 = Release|Any CPU
		{F429C764-4FCA-43A7-88C9-904C8D5406CE}.STD_IMAGE|x64.ActiveCfg = Release|Any CPU
		{F429C764-4FCA-43A7-88C9-904C8D5406CE}.STD_IMAGE|x64.Build.0 = Release|Any CPU
		{F429C764-4FCA-43A7-88C9-904C8D5406CE}.STD_IMAGE|x86.ActiveCfg = Release|Any CPU
		{F429C764-4FCA-43A7-88C9-904C8D5406CE}.STD_IMAGE|x86.Build.0 = Release|Any CPU
		{F429C764-4FCA-43A7-88C9-904C8D5406CE}.TRAIL_ASYNC|Any CPU.ActiveCfg = Release|Any CPU
		{F429C764-4FCA-43A7-88C9-904C8D5406CE}.TRAIL_ASYNC|Any CPU.Build.0 = Release|Any CPU
		{F429C764-4FCA-43A7-88C9-904C8D5406CE}.TRAIL_ASYNC|x64.ActiveCfg = Release|Any CPU
		{F429C764-4FCA-43A7-88C9-904C8D5406CE}.TRAIL_ASYNC|x64.Build.0 = Release|Any CPU
		{F429C764-4FCA-43A7-88C9-904C8D5406CE}.TRAIL_ASYNC|x86.ActiveCfg = Release|Any CPU
		{F429C764-4FCA-43A7-88C9-904C8D5406CE}.TRAIL_ASYNC|x86.Build.0 = Release|Any CPU
		{F429C764-4FCA-43A7-88C9-904C8D5406CE}.TRAIL|Any CPU.ActiveCfg = Release|Any CPU
		{F429C764-4FCA-43A7-88C9-904C8D5406CE}.TRAIL|Any CPU.Build.0 = Release|Any CPU
		{F429C764-4FCA-43A7-88C9-904C8D5406CE}.TRAIL|x64.ActiveCfg = Release|Any CPU
		{F429C764-4FCA-43A7-88C9-904C8D5406CE}.TRAIL|x64.Build.0 = Release|Any CPU
		{F429C764-4FCA-43A7-88C9-904C8D5406CE}.TRAIL|x86.ActiveCfg = Release|Any CPU
		{F429C764-4FCA-43A7-88C9-904C8D5406CE}.TRAIL|x86.Build.0 = Release|Any CPU
		{27A0EAA2-0101-4551-9B1C-507060BDA96F}.ASYNC|Any CPU.ActiveCfg = Release
		{27A0EAA2-0101-4551-9B1C-507060BDA96F}.ASYNC|Any CPU.Build.0 = Release
		{27A0EAA2-0101-4551-9B1C-507060BDA96F}.ASYNC|x64.ActiveCfg = Release
		{27A0EAA2-0101-4551-9B1C-507060BDA96F}.ASYNC|x64.Build.0 = Release
		{27A0EAA2-0101-4551-9B1C-507060BDA96F}.ASYNC|x86.ActiveCfg = Release
		{27A0EAA2-0101-4551-9B1C-507060BDA96F}.ASYNC|x86.Build.0 = Release
		{27A0EAA2-0101-4551-9B1C-507060BDA96F}.Debug|Any CPU.ActiveCfg = Debug
		{27A0EAA2-0101-4551-9B1C-507060BDA96F}.Debug|x64.ActiveCfg = Debug
		{27A0EAA2-0101-4551-9B1C-507060BDA96F}.Debug|x86.ActiveCfg = Debug
		{27A0EAA2-0101-4551-9B1C-507060BDA96F}.GOLD|Any CPU.ActiveCfg = Release
		{27A0EAA2-0101-4551-9B1C-507060BDA96F}.GOLD|Any CPU.Build.0 = Release
		{27A0EAA2-0101-4551-9B1C-507060BDA96F}.GOLD|x64.ActiveCfg = Release
		{27A0EAA2-0101-4551-9B1C-507060BDA96F}.GOLD|x64.Build.0 = Release
		{27A0EAA2-0101-4551-9B1C-507060BDA96F}.GOLD|x86.ActiveCfg = Release
		{27A0EAA2-0101-4551-9B1C-507060BDA96F}.GOLD|x86.Build.0 = Release
		{27A0EAA2-0101-4551-9B1C-507060BDA96F}.Release|Any CPU.ActiveCfg = Release
		{27A0EAA2-0101-4551-9B1C-507060BDA96F}.Release|x64.ActiveCfg = Release
		{27A0EAA2-0101-4551-9B1C-507060BDA96F}.Release|x86.ActiveCfg = Release
		{27A0EAA2-0101-4551-9B1C-507060BDA96F}.STD_IMAGE|Any CPU.ActiveCfg = Release
		{27A0EAA2-0101-4551-9B1C-507060BDA96F}.STD_IMAGE|Any CPU.Build.0 = Release
		{27A0EAA2-0101-4551-9B1C-507060BDA96F}.STD_IMAGE|x64.ActiveCfg = Release
		{27A0EAA2-0101-4551-9B1C-507060BDA96F}.STD_IMAGE|x64.Build.0 = Release
		{27A0EAA2-0101-4551-9B1C-507060BDA96F}.STD_IMAGE|x86.ActiveCfg = Release
		{27A0EAA2-0101-4551-9B1C-507060BDA96F}.STD_IMAGE|x86.Build.0 = Release
		{27A0EAA2-0101-4551-9B1C-507060BDA96F}.TRAIL_ASYNC|Any CPU.ActiveCfg = Release
		{27A0EAA2-0101-4551-9B1C-507060BDA96F}.TRAIL_ASYNC|Any CPU.Build.0 = Release
		{27A0EAA2-0101-4551-9B1C-507060BDA96F}.TRAIL_ASYNC|x64.ActiveCfg = Release
		{27A0EAA2-0101-4551-9B1C-507060BDA96F}.TRAIL_ASYNC|x64.Build.0 = Release
		{27A0EAA2-0101-4551-9B1C-507060BDA96F}.TRAIL_ASYNC|x86.ActiveCfg = Release
		{27A0EAA2-0101-4551-9B1C-507060BDA96F}.TRAIL_ASYNC|x86.Build.0 = Release
		{27A0EAA2-0101-4551-9B1C-507060BDA96F}.TRAIL|Any CPU.ActiveCfg = Release
		{27A0EAA2-0101-4551-9B1C-507060BDA96F}.TRAIL|Any CPU.Build.0 = Release
		{27A0EAA2-0101-4551-9B1C-507060BDA96F}.TRAIL|x64.ActiveCfg = Release
		{27A0EAA2-0101-4551-9B1C-507060BDA96F}.TRAIL|x64.Build.0 = Release
		{27A0EAA2-0101-4551-9B1C-507060BDA96F}.TRAIL|x86.ActiveCfg = Release
		{27A0EAA2-0101-4551-9B1C-507060BDA96F}.TRAIL|x86.Build.0 = Release
		{FA7964C5-A945-4685-9003-34736CFD5051}.ASYNC|Any CPU.ActiveCfg = Release|Any CPU
		{FA7964C5-A945-4685-9003-34736CFD5051}.ASYNC|Any CPU.Build.0 = Release|Any CPU
		{FA7964C5-A945-4685-9003-34736CFD5051}.ASYNC|x64.ActiveCfg = Release|Any CPU
		{FA7964C5-A945-4685-9003-34736CFD5051}.ASYNC|x64.Build.0 = Release|Any CPU
		{FA7964C5-A945-4685-9003-34736CFD5051}.ASYNC|x86.ActiveCfg = Release|Any CPU
		{FA7964C5-A945-4685-9003-34736CFD5051}.ASYNC|x86.Build.0 = Release|Any CPU
		{FA7964C5-A945-4685-9003-34736CFD5051}.Debug|Any CPU.ActiveCfg = Debug|Any CPU
		{FA7964C5-A945-4685-9003-34736CFD5051}.Debug|Any CPU.Build.0 = Debug|Any CPU
		{FA7964C5-A945-4685-9003-34736CFD5051}.Debug|x64.ActiveCfg = Debug|Any CPU
		{FA7964C5-A945-4685-9003-34736CFD5051}.Debug|x64.Build.0 = Debug|Any CPU
		{FA7964C5-A945-4685-9003-34736CFD5051}.Debug|x86.ActiveCfg = Debug|Any CPU
		{FA7964C5-A945-4685-9003-34736CFD5051}.Debug|x86.Build.0 = Debug|Any CPU
		{FA7964C5-A945-4685-9003-34736CFD5051}.GOLD|Any CPU.ActiveCfg = Release|Any CPU
		{FA7964C5-A945-4685-9003-34736CFD5051}.GOLD|Any CPU.Build.0 = Release|Any CPU
		{FA7964C5-A945-4685-9003-34736CFD5051}.GOLD|x64.ActiveCfg = Release|Any CPU
		{FA7964C5-A945-4685-9003-34736CFD5051}.GOLD|x64.Build.0 = Release|Any CPU
		{FA7964C5-A945-4685-9003-34736CFD5051}.GOLD|x86.ActiveCfg = Release|Any CPU
		{FA7964C5-A945-4685-9003-34736CFD5051}.GOLD|x86.Build.0 = Release|Any CPU
		{FA7964C5-A945-4685-9003-34736CFD5051}.Release|Any CPU.ActiveCfg = Release|Any CPU
		{FA7964C5-A945-4685-9003-34736CFD5051}.Release|Any CPU.Build.0 = Release|Any CPU
		{FA7964C5-A945-4685-9003-34736CFD5051}.Release|x64.ActiveCfg = Release|Any CPU
		{FA7964C5-A945-4685-9003-34736CFD5051}.Release|x64.Build.0 = Release|Any CPU
		{FA7964C5-A945-4685-9003-34736CFD5051}.Release|x86.ActiveCfg = Release|Any CPU
		{FA7964C5-A945-4685-9003-34736CFD5051}.Release|x86.Build.0 = Release|Any CPU
		{FA7964C5-A945-4685-9003-34736CFD5051}.STD_IMAGE|Any CPU.ActiveCfg = Release|Any CPU
		{FA7964C5-A945-4685-9003-34736CFD5051}.STD_IMAGE|Any CPU.Build.0 = Release|Any CPU
		{FA7964C5-A945-4685-9003-34736CFD5051}.STD_IMAGE|x64.ActiveCfg = Release|Any CPU
		{FA7964C5-A945-4685-9003-34736CFD5051}.STD_IMAGE|x64.Build.0 = Release|Any CPU
		{FA7964C5-A945-4685-9003-34736CFD5051}.STD_IMAGE|x86.ActiveCfg = Release|Any CPU
		{FA7964C5-A945-4685-9003-34736CFD5051}.STD_IMAGE|x86.Build.0 = Release|Any CPU
		{FA7964C5-A945-4685-9003-34736CFD5051}.TRAIL_ASYNC|Any CPU.ActiveCfg = Release|Any CPU
		{FA7964C5-A945-4685-9003-34736CFD5051}.TRAIL_ASYNC|Any CPU.Build.0 = Release|Any CPU
		{FA7964C5-A945-4685-9003-34736CFD5051}.TRAIL_ASYNC|x64.ActiveCfg = Release|Any CPU
		{FA7964C5-A945-4685-9003-34736CFD5051}.TRAIL_ASYNC|x64.Build.0 = Release|Any CPU
		{FA7964C5-A945-4685-9003-34736CFD5051}.TRAIL_ASYNC|x86.ActiveCfg = Release|Any CPU
		{FA7964C5-A945-4685-9003-34736CFD5051}.TRAIL_ASYNC|x86.Build.0 = Release|Any CPU
		{FA7964C5-A945-4685-9003-34736CFD5051}.TRAIL|Any CPU.ActiveCfg = Release|Any CPU
		{FA7964C5-A945-4685-9003-34736CFD5051}.TRAIL|Any CPU.Build.0 = Release|Any CPU
		{FA7964C5-A945-4685-9003-34736CFD5051}.TRAIL|x64.ActiveCfg = Release|Any CPU
		{FA7964C5-A945-4685-9003-34736CFD5051}.TRAIL|x64.Build.0 = Release|Any CPU
		{FA7964C5-A945-4685-9003-34736CFD5051}.TRAIL|x86.ActiveCfg = Release|Any CPU
		{FA7964C5-A945-4685-9003-34736CFD5051}.TRAIL|x86.Build.0 = Release|Any CPU
		{52584845-7921-48B8-B3D0-F88912DC4F74}.ASYNC|Any CPU.ActiveCfg = ASYNC|Any CPU
		{52584845-7921-48B8-B3D0-F88912DC4F74}.ASYNC|Any CPU.Build.0 = ASYNC|Any CPU
		{52584845-7921-48B8-B3D0-F88912DC4F74}.ASYNC|x64.ActiveCfg = ASYNC|x64
		{52584845-7921-48B8-B3D0-F88912DC4F74}.ASYNC|x64.Build.0 = ASYNC|x64
		{52584845-7921-48B8-B3D0-F88912DC4F74}.ASYNC|x86.ActiveCfg = ASYNC|x86
		{52584845-7921-48B8-B3D0-F88912DC4F74}.ASYNC|x86.Build.0 = ASYNC|x86
		{52584845-7921-48B8-B3D0-F88912DC4F74}.Debug|Any CPU.ActiveCfg = Debug|Any CPU
		{52584845-7921-48B8-B3D0-F88912DC4F74}.Debug|Any CPU.Build.0 = Debug|Any CPU
		{52584845-7921-48B8-B3D0-F88912DC4F74}.Debug|x64.ActiveCfg = Debug|x64
		{52584845-7921-48B8-B3D0-F88912DC4F74}.Debug|x64.Build.0 = Debug|x64
		{52584845-7921-48B8-B3D0-F88912DC4F74}.Debug|x86.ActiveCfg = Debug|x86
		{52584845-7921-48B8-B3D0-F88912DC4F74}.Debug|x86.Build.0 = Debug|x86
		{52584845-7921-48B8-B3D0-F88912DC4F74}.GOLD|Any CPU.ActiveCfg = GOLD|Any CPU
		{52584845-7921-48B8-B3D0-F88912DC4F74}.GOLD|Any CPU.Build.0 = GOLD|Any CPU
		{52584845-7921-48B8-B3D0-F88912DC4F74}.GOLD|x64.ActiveCfg = GOLD|x64
		{52584845-7921-48B8-B3D0-F88912DC4F74}.GOLD|x64.Build.0 = GOLD|x64
		{52584845-7921-48B8-B3D0-F88912DC4F74}.GOLD|x86.ActiveCfg = GOLD|x86
		{52584845-7921-48B8-B3D0-F88912DC4F74}.GOLD|x86.Build.0 = GOLD|x86
		{52584845-7921-48B8-B3D0-F88912DC4F74}.Release|Any CPU.ActiveCfg = Release|Any CPU
		{52584845-7921-48B8-B3D0-F88912DC4F74}.Release|Any CPU.Build.0 = Release|Any CPU
		{52584845-7921-48B8-B3D0-F88912DC4F74}.Release|x64.ActiveCfg = Release|x86
		{52584845-7921-48B8-B3D0-F88912DC4F74}.Release|x64.Build.0 = Release|x86
		{52584845-7921-48B8-B3D0-F88912DC4F74}.Release|x86.ActiveCfg = Release|x86
		{52584845-7921-48B8-B3D0-F88912DC4F74}.Release|x86.Build.0 = Release|x86
		{52584845-7921-48B8-B3D0-F88912DC4F74}.STD_IMAGE|Any CPU.ActiveCfg = STD_IMAGE|Any CPU
		{52584845-7921-48B8-B3D0-F88912DC4F74}.STD_IMAGE|Any CPU.Build.0 = STD_IMAGE|Any CPU
		{52584845-7921-48B8-B3D0-F88912DC4F74}.STD_IMAGE|x64.ActiveCfg = STD_IMAGE|x64
		{52584845-7921-48B8-B3D0-F88912DC4F74}.STD_IMAGE|x64.Build.0 = STD_IMAGE|x64
		{52584845-7921-48B8-B3D0-F88912DC4F74}.STD_IMAGE|x86.ActiveCfg = STD_IMAGE|x86
		{52584845-7921-48B8-B3D0-F88912DC4F74}.STD_IMAGE|x86.Build.0 = STD_IMAGE|x86
		{52584845-7921-48B8-B3D0-F88912DC4F74}.TRAIL_ASYNC|Any CPU.ActiveCfg = TRAIL_ASYNC|Any CPU
		{52584845-7921-48B8-B3D0-F88912DC4F74}.TRAIL_ASYNC|Any CPU.Build.0 = TRAIL_ASYNC|Any CPU
		{52584845-7921-48B8-B3D0-F88912DC4F74}.TRAIL_ASYNC|x64.ActiveCfg = TRAIL_ASYNC|x64
		{52584845-7921-48B8-B3D0-F88912DC4F74}.TRAIL_ASYNC|x64.Build.0 = TRAIL_ASYNC|x64
		{52584845-7921-48B8-B3D0-F88912DC4F74}.TRAIL_ASYNC|x86.ActiveCfg = TRAIL_ASYNC|x86
		{52584845-7921-48B8-B3D0-F88912DC4F74}.TRAIL_ASYNC|x86.Build.0 = TRAIL_ASYNC|x86
		{52584845-7921-48B8-B3D0-F88912DC4F74}.TRAIL|Any CPU.ActiveCfg = TRAIL|Any CPU
		{52584845-7921-48B8-B3D0-F88912DC4F74}.TRAIL|Any CPU.Build.0 = TRAIL|Any CPU
		{52584845-7921-48B8-B3D0-F88912DC4F74}.TRAIL|x64.ActiveCfg = TRAIL|x64
		{52584845-7921-48B8-B3D0-F88912DC4F74}.TRAIL|x64.Build.0 = TRAIL|x64
		{52584845-7921-48B8-B3D0-F88912DC4F74}.TRAIL|x86.ActiveCfg = TRAIL|x86
		{52584845-7921-48B8-B3D0-F88912DC4F74}.TRAIL|x86.Build.0 = TRAIL|x86
	EndGlobalSection
	GlobalSection(SolutionProperties) = preSolution
		HideSolutionNode = FALSE
	EndGlobalSection
EndGlobal
